// !$*UTF8*$!
{
	archiveVersion = 1;
	classes = {
	};
	objectVersion = 46;
	objects = {

/* Begin PBXBuildFile section */
		BE37C8642031B9BB0001343E /* LoginViewController.swift in Sources */ = {isa = PBXBuildFile; fileRef = BE37C8632031B9BB0001343E /* LoginViewController.swift */; };
		BE37C8662031C5A60001343E /* DrawerDelegate.swift in Sources */ = {isa = PBXBuildFile; fileRef = BE37C8652031C5A60001343E /* DrawerDelegate.swift */; };
		BED2559A203164820098ACA9 /* AppDelegate.swift in Sources */ = {isa = PBXBuildFile; fileRef = BED25599203164820098ACA9 /* AppDelegate.swift */; };
		BED2559C203164830098ACA9 /* ViewController.swift in Sources */ = {isa = PBXBuildFile; fileRef = BED2559B203164830098ACA9 /* ViewController.swift */; };
		BED2559F203164830098ACA9 /* Main.storyboard in Resources */ = {isa = PBXBuildFile; fileRef = BED2559D203164830098ACA9 /* Main.storyboard */; };
		BED255A1203164830098ACA9 /* Assets.xcassets in Resources */ = {isa = PBXBuildFile; fileRef = BED255A0203164830098ACA9 /* Assets.xcassets */; };
		BED255A4203164830098ACA9 /* LaunchScreen.storyboard in Resources */ = {isa = PBXBuildFile; fileRef = BED255A2203164830098ACA9 /* LaunchScreen.storyboard */; };
		BED255AF20316C9A0098ACA9 /* DrawerViewController.swift in Sources */ = {isa = PBXBuildFile; fileRef = BED255AE20316C9A0098ACA9 /* DrawerViewController.swift */; };
/* End PBXBuildFile section */

/* Begin PBXFileReference section */
		BE37C8632031B9BB0001343E /* LoginViewController.swift */ = {isa = PBXFileReference; fileEncoding = 4; lastKnownFileType = sourcecode.swift; path = LoginViewController.swift; sourceTree = "<group>"; };
		BE37C8652031C5A60001343E /* DrawerDelegate.swift */ = {isa = PBXFileReference; fileEncoding = 4; lastKnownFileType = sourcecode.swift; path = DrawerDelegate.swift; sourceTree = "<group>"; };
		BED25596203164820098ACA9 /* Drawer.app */ = {isa = PBXFileReference; explicitFileType = wrapper.application; includeInIndex = 0; path = Drawer.app; sourceTree = BUILT_PRODUCTS_DIR; };
		BED25599203164820098ACA9 /* AppDelegate.swift */ = {isa = PBXFileReference; lastKnownFileType = sourcecode.swift; path = AppDelegate.swift; sourceTree = "<group>"; };
		BED2559B203164830098ACA9 /* ViewController.swift */ = {isa = PBXFileReference; lastKnownFileType = sourcecode.swift; path = ViewController.swift; sourceTree = "<group>"; };
		BED2559E203164830098ACA9 /* Base */ = {isa = PBXFileReference; lastKnownFileType = file.storyboard; name = Base; path = Base.lproj/Main.storyboard; sourceTree = "<group>"; };
		BED255A0203164830098ACA9 /* Assets.xcassets */ = {isa = PBXFileReference; lastKnownFileType = folder.assetcatalog; path = Assets.xcassets; sourceTree = "<group>"; };
		BED255A3203164830098ACA9 /* Base */ = {isa = PBXFileReference; lastKnownFileType = file.storyboard; name = Base; path = Base.lproj/LaunchScreen.storyboard; sourceTree = "<group>"; };
		BED255A5203164830098ACA9 /* Info.plist */ = {isa = PBXFileReference; lastKnownFileType = text.plist.xml; path = Info.plist; sourceTree = "<group>"; };
		BED255AE20316C9A0098ACA9 /* DrawerViewController.swift */ = {isa = PBXFileReference; fileEncoding = 4; lastKnownFileType = sourcecode.swift; path = DrawerViewController.swift; sourceTree = "<group>"; };
/* End PBXFileReference section */

/* Begin PBXFrameworksBuildPhase section */
		BED25593203164820098ACA9 /* Frameworks */ = {
			isa = PBXFrameworksBuildPhase;
			buildActionMask = 2147483647;
			files = (
			);
			runOnlyForDeploymentPostprocessing = 0;
		};
/* End PBXFrameworksBuildPhase section */

/* Begin PBXGroup section */
		BED2558D203164820098ACA9 = {
			isa = PBXGroup;
			children = (
				BED25598203164820098ACA9 /* Drawer */,
				BED25597203164820098ACA9 /* Products */,
			);
			sourceTree = "<group>";
		};
		BED25597203164820098ACA9 /* Products */ = {
			isa = PBXGroup;
			children = (
				BED25596203164820098ACA9 /* Drawer.app */,
			);
			name = Products;
			sourceTree = "<group>";
		};
		BED25598203164820098ACA9 /* Drawer */ = {
			isa = PBXGroup;
			children = (
				BED255AD20316C6C0098ACA9 /* Controllers */,
				BED255AB203164970098ACA9 /* Storyboard */,
				BED255AC203164AD0098ACA9 /* Bundle Info */,
			);
			path = Drawer;
			sourceTree = "<group>";
		};
		BED255AB203164970098ACA9 /* Storyboard */ = {
			isa = PBXGroup;
			children = (
				BED2559D203164830098ACA9 /* Main.storyboard */,
				BED255A2203164830098ACA9 /* LaunchScreen.storyboard */,
			);
			name = Storyboard;
			sourceTree = "<group>";
		};
		BED255AC203164AD0098ACA9 /* Bundle Info */ = {
			isa = PBXGroup;
			children = (
				BED25599203164820098ACA9 /* AppDelegate.swift */,
				BED255A0203164830098ACA9 /* Assets.xcassets */,
				BED255A5203164830098ACA9 /* Info.plist */,
			);
			name = "Bundle Info";
			sourceTree = "<group>";
		};
		BED255AD20316C6C0098ACA9 /* Controllers */ = {
			isa = PBXGroup;
			children = (
				BED2559B203164830098ACA9 /* ViewController.swift */,
				BED255AE20316C9A0098ACA9 /* DrawerViewController.swift */,
				BE37C8632031B9BB0001343E /* LoginViewController.swift */,
				BE37C8652031C5A60001343E /* DrawerDelegate.swift */,
			);
			name = Controllers;
			sourceTree = "<group>";
		};
/* End PBXGroup section */

/* Begin PBXNativeTarget section */
		BED25595203164820098ACA9 /* Drawer */ = {
			isa = PBXNativeTarget;
			buildConfigurationList = BED255A8203164830098ACA9 /* Build configuration list for PBXNativeTarget "Drawer" */;
			buildPhases = (
				BED25592203164820098ACA9 /* Sources */,
				BED25593203164820098ACA9 /* Frameworks */,
				BED25594203164820098ACA9 /* Resources */,
			);
			buildRules = (
			);
			dependencies = (
			);
			name = Drawer;
			productName = Drawer;
			productReference = BED25596203164820098ACA9 /* Drawer.app */;
			productType = "com.apple.product-type.application";
		};
/* End PBXNativeTarget section */

/* Begin PBXProject section */
		BED2558E203164820098ACA9 /* Project object */ = {
			isa = PBXProject;
			attributes = {
				LastSwiftUpdateCheck = 0830;
				LastUpgradeCheck = 0830;
				ORGANIZATIONNAME = "Neha Gupta";
				TargetAttributes = {
					BED25595203164820098ACA9 = {
						CreatedOnToolsVersion = 8.3.3;
						ProvisioningStyle = Automatic;
					};
				};
			};
			buildConfigurationList = BED25591203164820098ACA9 /* Build configuration list for PBXProject "Drawer" */;
			compatibilityVersion = "Xcode 3.2";
			developmentRegion = English;
			hasScannedForEncodings = 0;
			knownRegions = (
				en,
				Base,
			);
			mainGroup = BED2558D203164820098ACA9;
			productRefGroup = BED25597203164820098ACA9 /* Products */;
			projectDirPath = "";
			projectRoot = "";
			targets = (
				BED25595203164820098ACA9 /* Drawer */,
			);
		};
/* End PBXProject section */

/* Begin PBXResourcesBuildPhase section */
		BED25594203164820098ACA9 /* Resources */ = {
			isa = PBXResourcesBuildPhase;
			buildActionMask = 2147483647;
			files = (
				BED255A4203164830098ACA9 /* LaunchScreen.storyboard in Resources */,
				BED255A1203164830098ACA9 /* Assets.xcassets in Resources */,
				BED2559F203164830098ACA9 /* Main.storyboard in Resources */,
			);
			runOnlyForDeploymentPostprocessing = 0;
		};
/* End PBXResourcesBuildPhase section */

/* Begin PBXSourcesBuildPhase section */
		BED25592203164820098ACA9 /* Sources */ = {
			isa = PBXSourcesBuildPhase;
			buildActionMask = 2147483647;
			files = (
				BE37C8662031C5A60001343E /* DrawerDelegate.swift in Sources */,
				BE37C8642031B9BB0001343E /* LoginViewController.swift in Sources */,
				BED2559C203164830098ACA9 /* ViewController.swift in Sources */,
				BED2559A203164820098ACA9 /* AppDelegate.swift in Sources */,
				BED255AF20316C9A0098ACA9 /* DrawerViewController.swift in Sources */,
			);
			runOnlyForDeploymentPostprocessing = 0;
		};
/* End PBXSourcesBuildPhase section */

/* Begin PBXVariantGroup section */
		BED2559D203164830098ACA9 /* Main.storyboard */ = {
			isa = PBXVariantGroup;
			children = (
				BED2559E203164830098ACA9 /* Base */,
			);
			name = Main.storyboard;
			sourceTree = "<group>";
		};
		BED255A2203164830098ACA9 /* LaunchScreen.storyboard */ = {
			isa = PBXVariantGroup;
			children = (
				BED255A3203164830098ACA9 /* Base */,
			);
			name = LaunchScreen.storyboard;
			sourceTree = "<group>";
		};
/* End PBXVariantGroup section */

/* Begin XCBuildConfiguration section */
		BED255A6203164830098ACA9 /* Debug */ = {
			isa = XCBuildConfiguration;
			buildSettings = {
				ALWAYS_SEARCH_USER_PATHS = NO;
				CLANG_ANALYZER_NONNULL = YES;
				CLANG_ANALYZER_NUMBER_OBJECT_CONVERSION = YES_AGGRESSIVE;
				CLANG_CXX_LANGUAGE_STANDARD = "gnu++0x";
				CLANG_CXX_LIBRARY = "libc++";
				CLANG_ENABLE_MODULES = YES;
				CLANG_ENABLE_OBJC_ARC = YES;
				CLANG_WARN_BOOL_CONVERSION = YES;
				CLANG_WARN_CONSTANT_CONVERSION = YES;
				CLANG_WARN_DIRECT_OBJC_ISA_USAGE = YES_ERROR;
				CLANG_WARN_DOCUMENTATION_COMMENTS = YES;
				CLANG_WARN_EMPTY_BODY = YES;
				CLANG_WARN_ENUM_CONVERSION = YES;
				CLANG_WARN_INFINITE_RECURSION = YES;
				CLANG_WARN_INT_CONVERSION = YES;
				CLANG_WARN_OBJC_ROOT_CLASS = YES_ERROR;
				CLANG_WARN_SUSPICIOUS_MOVE = YES;
				CLANG_WARN_UNREACHABLE_CODE = YES;
				CLANG_WARN__DUPLICATE_METHOD_MATCH = YES;
				"CODE_SIGN_IDENTITY[sdk=iphoneos*]" = "iPhone Developer";
				COPY_PHASE_STRIP = NO;
				DEBUG_INFORMATION_FORMAT = dwarf;
				ENABLE_STRICT_OBJC_MSGSEND = YES;
				ENABLE_TESTABILITY = YES;
				GCC_C_LANGUAGE_STANDARD = gnu99;
				GCC_DYNAMIC_NO_PIC = NO;
				GCC_NO_COMMON_BLOCKS = YES;
				GCC_OPTIMIZATION_LEVEL = 0;
				GCC_PREPROCESSOR_DEFINITIONS = (
					"DEBUG=1",
					"$(inherited)",
				);
				GCC_WARN_64_TO_32_BIT_CONVERSION = YES;
				GCC_WARN_ABOUT_RETURN_TYPE = YES_ERROR;
				GCC_WARN_UNDECLARED_SELECTOR = YES;
				GCC_WARN_UNINITIALIZED_AUTOS = YES_AGGRESSIVE;
				GCC_WARN_UNUSED_FUNCTION = YES;
				GCC_WARN_UNUSED_VARIABLE = YES;
				IPHONEOS_DEPLOYMENT_TARGET = 10.3;
				MTL_ENABLE_DEBUG_INFO = YES;
				ONLY_ACTIVE_ARCH = YES;
				SDKROOT = iphoneos;
				SWIFT_ACTIVE_COMPILATION_CONDITIONS = DEBUG;
				SWIFT_OPTIMIZATION_LEVEL = "-Onone";
				TARGETED_DEVICE_FAMILY = "1,2";
			};
			name = Debug;
		};
		BED255A7203164830098ACA9 /* Release */ = {
			isa = XCBuildConfiguration;
			buildSettings = {
				ALWAYS_SEARCH_USER_PATHS = NO;
				CLANG_ANALYZER_NONNULL = YES;
				CLANG_ANALYZER_NUMBER_OBJECT_CONVERSION = YES_AGGRESSIVE;
				CLANG_CXX_LANGUAGE_STANDARD = "gnu++0x";
				CLANG_CXX_LIBRARY = "libc++";
				CLANG_ENABLE_MODULES = YES;
				CLANG_ENABLE_OBJC_ARC = YES;
				CLANG_WARN_BOOL_CONVERSION = YES;
				CLANG_WARN_CONSTANT_CONVERSION = YES;
				CLANG_WARN_DIRECT_OBJC_ISA_USAGE = YES_ERROR;
				CLANG_WARN_DOCUMENTATION_COMMENTS = YES;
				CLANG_WARN_EMPTY_BODY = YES;
				CLANG_WARN_ENUM_CONVERSION = YES;
				CLANG_WARN_INFINITE_RECURSION = YES;
				CLANG_WARN_INT_CONVERSION = YES;
				CLANG_WARN_OBJC_ROOT_CLASS = YES_ERROR;
				CLANG_WARN_SUSPICIOUS_MOVE = YES;
				CLANG_WARN_UNREACHABLE_CODE = YES;
				CLANG_WARN__DUPLICATE_METHOD_MATCH = YES;
				"CODE_SIGN_IDENTITY[sdk=iphoneos*]" = "iPhone Developer";
				COPY_PHASE_STRIP = NO;
				DEBUG_INFORMATION_FORMAT = "dwarf-with-dsym";
				ENABLE_NS_ASSERTIONS = NO;
				ENABLE_STRICT_OBJC_MSGSEND = YES;
				GCC_C_LANGUAGE_STANDARD = gnu99;
				GCC_NO_COMMON_BLOCKS = YES;
				GCC_WARN_64_TO_32_BIT_CONVERSION = YES;
				GCC_WARN_ABOUT_RETURN_TYPE = YES_ERROR;
				GCC_WARN_UNDECLARED_SELECTOR = YES;
				GCC_WARN_UNINITIALIZED_AUTOS = YES_AGGRESSIVE;
				GCC_WARN_UNUSED_FUNCTION = YES;
				GCC_WARN_UNUSED_VARIABLE = YES;
				IPHONEOS_DEPLOYMENT_TARGET = 10.3;
				MTL_ENABLE_DEBUG_INFO = NO;
				SDKROOT = iphoneos;
				SWIFT_OPTIMIZATION_LEVEL = "-Owholemodule";
				TARGETED_DEVICE_FAMILY = "1,2";
				VALIDATE_PRODUCT = YES;
			};
			name = Release;
		};
		BED255A9203164830098ACA9 /* Debug */ = {
			isa = XCBuildConfiguration;
			buildSettings = {
				ASSETCATALOG_COMPILER_APPICON_NAME = AppIcon;
				INFOPLIST_FILE = Drawer/Info.plist;
				LD_RUNPATH_SEARCH_PATHS = "$(inherited) @executable_path/Frameworks";
				PRODUCT_BUNDLE_IDENTIFIER = Neha.Drawer;
				PRODUCT_NAME = "$(TARGET_NAME)";
				SWIFT_VERSION = 3.0;
			};
			name = Debug;
		};
		BED255AA203164830098ACA9 /* Release */ = {
			isa = XCBuildConfiguration;
			buildSettings = {
				ASSETCATALOG_COMPILER_APPICON_NAME = AppIcon;
				INFOPLIST_FILE = Drawer/Info.plist;
				LD_RUNPATH_SEARCH_PATHS = "$(inherited) @executable_path/Frameworks";
				PRODUCT_BUNDLE_IDENTIFIER = Neha.Drawer;
				PRODUCT_NAME = "$(TARGET_NAME)";
				SWIFT_VERSION = 3.0;
			};
			name = Release;
		};
/* End XCBuildConfiguration section */

/* Begin XCConfigurationList section */
		BED25591203164820098ACA9 /* Build configuration list for PBXProject "Drawer" */ = {
			isa = XCConfigurationList;
			buildConfigurations = (
				BED255A6203164830098ACA9 /* Debug */,
				BED255A7203164830098ACA9 /* Release */,
			);
			defaultConfigurationIsVisible = 0;
			defaultConfigurationName = Release;
		};
		BED255A8203164830098ACA9 /* Build configuration list for PBXNativeTarget "Drawer" */ = {
			isa = XCConfigurationList;
			buildConfigurations = (
				BED255A9203164830098ACA9 /* Debug */,
				BED255AA203164830098ACA9 /* Release */,
			);
			defaultConfigurationIsVisible = 0;
			defaultConfigurationName = Release;
		};
/* End XCConfigurationList section */
	};
	rootObject = BED2558E203164820098ACA9 /* Project object */;
}
